// !$*UTF8*$!
{
	archiveVersion = 1;
	classes = {
	};
	objectVersion = 55;
	objects = {

/* Begin PBXBuildFile section */
		C65DCA2C28B545A0003AA14A /* UsingSwiftEnum.swift in Sources */ = {isa = PBXBuildFile; fileRef = C65DCA2B28B545A0003AA14A /* UsingSwiftEnum.swift */; };
		C6F42D0728AEBE000019899A /* AppDelegate.m in Sources */ = {isa = PBXBuildFile; fileRef = C6F42D0628AEBE000019899A /* AppDelegate.m */; };
		C6F42D0A28AEBE000019899A /* SceneDelegate.m in Sources */ = {isa = PBXBuildFile; fileRef = C6F42D0928AEBE000019899A /* SceneDelegate.m */; };
		C6F42D0D28AEBE000019899A /* ViewController.m in Sources */ = {isa = PBXBuildFile; fileRef = C6F42D0C28AEBE000019899A /* ViewController.m */; };
		C6F42D1028AEBE000019899A /* Main.storyboard in Resources */ = {isa = PBXBuildFile; fileRef = C6F42D0E28AEBE000019899A /* Main.storyboard */; };
		C6F42D1228AEBE0C0019899A /* Assets.xcassets in Resources */ = {isa = PBXBuildFile; fileRef = C6F42D1128AEBE0C0019899A /* Assets.xcassets */; };
		C6F42D1528AEBE0C0019899A /* LaunchScreen.storyboard in Resources */ = {isa = PBXBuildFile; fileRef = C6F42D1328AEBE0C0019899A /* LaunchScreen.storyboard */; };
		C6F42D1828AEBE0C0019899A /* main.m in Sources */ = {isa = PBXBuildFile; fileRef = C6F42D1728AEBE0C0019899A /* main.m */; };
		C6F42D2228AECA9D0019899A /* SwiftFile.swift in Sources */ = {isa = PBXBuildFile; fileRef = C6F42D2128AECA9D0019899A /* SwiftFile.swift */; };
/* End PBXBuildFile section */

/* Begin PBXFileReference section */
		C65DCA2B28B545A0003AA14A /* UsingSwiftEnum.swift */ = {isa = PBXFileReference; lastKnownFileType = sourcecode.swift; path = UsingSwiftEnum.swift; sourceTree = "<group>"; };
		C6F42D0228AEBE000019899A /* ExposeEnumToObjC.app */ = {isa = PBXFileReference; explicitFileType = wrapper.application; includeInIndex = 0; path = ExposeEnumToObjC.app; sourceTree = BUILT_PRODUCTS_DIR; };
		C6F42D0528AEBE000019899A /* AppDelegate.h */ = {isa = PBXFileReference; lastKnownFileType = sourcecode.c.h; path = AppDelegate.h; sourceTree = "<group>"; };
		C6F42D0628AEBE000019899A /* AppDelegate.m */ = {isa = PBXFileReference; lastKnownFileType = sourcecode.c.objc; path = AppDelegate.m; sourceTree = "<group>"; };
		C6F42D0828AEBE000019899A /* SceneDelegate.h */ = {isa = PBXFileReference; lastKnownFileType = sourcecode.c.h; path = SceneDelegate.h; sourceTree = "<group>"; };
		C6F42D0928AEBE000019899A /* SceneDelegate.m */ = {isa = PBXFileReference; lastKnownFileType = sourcecode.c.objc; path = SceneDelegate.m; sourceTree = "<group>"; };
		C6F42D0B28AEBE000019899A /* ViewController.h */ = {isa = PBXFileReference; lastKnownFileType = sourcecode.c.h; path = ViewController.h; sourceTree = "<group>"; };
		C6F42D0C28AEBE000019899A /* ViewController.m */ = {isa = PBXFileReference; lastKnownFileType = sourcecode.c.objc; path = ViewController.m; sourceTree = "<group>"; };
		C6F42D0F28AEBE000019899A /* Base */ = {isa = PBXFileReference; lastKnownFileType = file.storyboard; name = Base; path = Base.lproj/Main.storyboard; sourceTree = "<group>"; };
		C6F42D1128AEBE0C0019899A /* Assets.xcassets */ = {isa = PBXFileReference; lastKnownFileType = folder.assetcatalog; path = Assets.xcassets; sourceTree = "<group>"; };
		C6F42D1428AEBE0C0019899A /* Base */ = {isa = PBXFileReference; lastKnownFileType = file.storyboard; name = Base; path = Base.lproj/LaunchScreen.storyboard; sourceTree = "<group>"; };
		C6F42D1628AEBE0C0019899A /* Info.plist */ = {isa = PBXFileReference; lastKnownFileType = text.plist.xml; path = Info.plist; sourceTree = "<group>"; };
		C6F42D1728AEBE0C0019899A /* main.m */ = {isa = PBXFileReference; lastKnownFileType = sourcecode.c.objc; path = main.m; sourceTree = "<group>"; };
		C6F42D2028AECA9D0019899A /* ExposeEnumToObjC-Bridging-Header.h */ = {isa = PBXFileReference; lastKnownFileType = sourcecode.c.h; path = "ExposeEnumToObjC-Bridging-Header.h"; sourceTree = "<group>"; };
		C6F42D2128AECA9D0019899A /* SwiftFile.swift */ = {isa = PBXFileReference; lastKnownFileType = sourcecode.swift; path = SwiftFile.swift; sourceTree = "<group>"; };
/* End PBXFileReference section */

/* Begin PBXFrameworksBuildPhase section */
		C6F42CFF28AEBE000019899A /* Frameworks */ = {
			isa = PBXFrameworksBuildPhase;
			buildActionMask = 2147483647;
			files = (
			);
			runOnlyForDeploymentPostprocessing = 0;
		};
/* End PBXFrameworksBuildPhase section */

/* Begin PBXGroup section */
		C6F42CF928AEBE000019899A = {
			isa = PBXGroup;
			children = (
				C6F42D0428AEBE000019899A /* ExposeEnumToObjC */,
				C6F42D0328AEBE000019899A /* Products */,
			);
			sourceTree = "<group>";
		};
		C6F42D0328AEBE000019899A /* Products */ = {
			isa = PBXGroup;
			children = (
				C6F42D0228AEBE000019899A /* ExposeEnumToObjC.app */,
			);
			name = Products;
			sourceTree = "<group>";
		};
		C6F42D0428AEBE000019899A /* ExposeEnumToObjC */ = {
			isa = PBXGroup;
			children = (
				C6F42D1F28AEC6C40019899A /* SwiftFiles */,
				C6F42D1E28AEC6A80019899A /* ViewControllers */,
				C6F42D0528AEBE000019899A /* AppDelegate.h */,
				C6F42D0628AEBE000019899A /* AppDelegate.m */,
				C6F42D0828AEBE000019899A /* SceneDelegate.h */,
				C6F42D0928AEBE000019899A /* SceneDelegate.m */,
				C6F42D0E28AEBE000019899A /* Main.storyboard */,
				C6F42D1128AEBE0C0019899A /* Assets.xcassets */,
				C6F42D1328AEBE0C0019899A /* LaunchScreen.storyboard */,
				C6F42D1628AEBE0C0019899A /* Info.plist */,
				C6F42D1728AEBE0C0019899A /* main.m */,
			);
			path = ExposeEnumToObjC;
			sourceTree = "<group>";
		};
		C6F42D1E28AEC6A80019899A /* ViewControllers */ = {
			isa = PBXGroup;
			children = (
				C6F42D0C28AEBE000019899A /* ViewController.m */,
				C6F42D0B28AEBE000019899A /* ViewController.h */,
			);
			path = ViewControllers;
			sourceTree = "<group>";
		};
		C6F42D1F28AEC6C40019899A /* SwiftFiles */ = {
			isa = PBXGroup;
			children = (
				C6F42D2128AECA9D0019899A /* SwiftFile.swift */,
				C6F42D2028AECA9D0019899A /* ExposeEnumToObjC-Bridging-Header.h */,
				C65DCA2B28B545A0003AA14A /* UsingSwiftEnum.swift */,
			);
			path = SwiftFiles;
			sourceTree = "<group>";
		};
/* End PBXGroup section */

/* Begin PBXNativeTarget section */
		C6F42D0128AEBE000019899A /* ExposeEnumToObjC */ = {
			isa = PBXNativeTarget;
			buildConfigurationList = C6F42D1B28AEBE0C0019899A /* Build configuration list for PBXNativeTarget "ExposeEnumToObjC" */;
			buildPhases = (
				C6F42CFE28AEBE000019899A /* Sources */,
				C6F42CFF28AEBE000019899A /* Frameworks */,
				C6F42D0028AEBE000019899A /* Resources */,
			);
			buildRules = (
			);
			dependencies = (
			);
			name = ExposeEnumToObjC;
			productName = ExposeEnumToObjC;
			productReference = C6F42D0228AEBE000019899A /* ExposeEnumToObjC.app */;
			productType = "com.apple.product-type.application";
		};
/* End PBXNativeTarget section */

/* Begin PBXProject section */
		C6F42CFA28AEBE000019899A /* Project object */ = {
			isa = PBXProject;
			attributes = {
				BuildIndependentTargetsInParallel = 1;
				LastUpgradeCheck = 1340;
				TargetAttributes = {
					C6F42D0128AEBE000019899A = {
						CreatedOnToolsVersion = 13.4.1;
						LastSwiftMigration = 1340;
					};
				};
			};
			buildConfigurationList = C6F42CFD28AEBE000019899A /* Build configuration list for PBXProject "ExposeEnumToObjC" */;
			compatibilityVersion = "Xcode 13.0";
			developmentRegion = en;
			hasScannedForEncodings = 0;
			knownRegions = (
				en,
				Base,
			);
			mainGroup = C6F42CF928AEBE000019899A;
			productRefGroup = C6F42D0328AEBE000019899A /* Products */;
			projectDirPath = "";
			projectRoot = "";
			targets = (
				C6F42D0128AEBE000019899A /* ExposeEnumToObjC */,
			);
		};
/* End PBXProject section */

/* Begin PBXResourcesBuildPhase section */
		C6F42D0028AEBE000019899A /* Resources */ = {
			isa = PBXResourcesBuildPhase;
			buildActionMask = 2147483647;
			files = (
				C6F42D1528AEBE0C0019899A /* LaunchScreen.storyboard in Resources */,
				C6F42D1228AEBE0C0019899A /* Assets.xcassets in Resources */,
				C6F42D1028AEBE000019899A /* Main.storyboard in Resources */,
			);
			runOnlyForDeploymentPostprocessing = 0;
		};
/* End PBXResourcesBuildPhase section */

/* Begin PBXSourcesBuildPhase section */
		C6F42CFE28AEBE000019899A /* Sources */ = {
			isa = PBXSourcesBuildPhase;
			buildActionMask = 2147483647;
			files = (
				C6F42D2228AECA9D0019899A /* SwiftFile.swift in Sources */,
				C65DCA2C28B545A0003AA14A /* UsingSwiftEnum.swift in Sources */,
				C6F42D0D28AEBE000019899A /* ViewController.m in Sources */,
				C6F42D0728AEBE000019899A /* AppDelegate.m in Sources */,
				C6F42D1828AEBE0C0019899A /* main.m in Sources */,
				C6F42D0A28AEBE000019899A /* SceneDelegate.m in Sources */,
			);
			runOnlyForDeploymentPostprocessing = 0;
		};
/* End PBXSourcesBuildPhase section */

/* Begin PBXVariantGroup section */
		C6F42D0E28AEBE000019899A /* Main.storyboard */ = {
			isa = PBXVariantGroup;
			children = (
				C6F42D0F28AEBE000019899A /* Base */,
			);
			name = Main.storyboard;
			sourceTree = "<group>";
		};
		C6F42D1328AEBE0C0019899A /* LaunchScreen.storyboard */ = {
			isa = PBXVariantGroup;
			children = (
				C6F42D1428AEBE0C0019899A /* Base */,
			);
			name = LaunchScreen.storyboard;
			sourceTree = "<group>";
		};
/* End PBXVariantGroup section */

/* Begin XCBuildConfiguration section */
		C6F42D1928AEBE0C0019899A /* Debug */ = {
			isa = XCBuildConfiguration;
			buildSettings = {
				ALWAYS_SEARCH_USER_PATHS = NO;
				CLANG_ANALYZER_NONNULL = YES;
				CLANG_ANALYZER_NUMBER_OBJECT_CONVERSION = YES_AGGRESSIVE;
				CLANG_CXX_LANGUAGE_STANDARD = "gnu++17";
				CLANG_ENABLE_MODULES = YES;
				CLANG_ENABLE_OBJC_ARC = YES;
				CLANG_ENABLE_OBJC_WEAK = YES;
				CLANG_WARN_BLOCK_CAPTURE_AUTORELEASING = YES;
				CLANG_WARN_BOOL_CONVERSION = YES;
				CLANG_WARN_COMMA = YES;
				CLANG_WARN_CONSTANT_CONVERSION = YES;
				CLANG_WARN_DEPRECATED_OBJC_IMPLEMENTATIONS = YES;
				CLANG_WARN_DIRECT_OBJC_ISA_USAGE = YES_ERROR;
				CLANG_WARN_DOCUMENTATION_COMMENTS = YES;
				CLANG_WARN_EMPTY_BODY = YES;
				CLANG_WARN_ENUM_CONVERSION = YES;
				CLANG_WARN_INFINITE_RECURSION = YES;
				CLANG_WARN_INT_CONVERSION = YES;
				CLANG_WARN_NON_LITERAL_NULL_CONVERSION = YES;
				CLANG_WARN_OBJC_IMPLICIT_RETAIN_SELF = YES;
				CLANG_WARN_OBJC_LITERAL_CONVERSION = YES;
				CLANG_WARN_OBJC_ROOT_CLASS = YES_ERROR;
				CLANG_WARN_QUOTED_INCLUDE_IN_FRAMEWORK_HEADER = YES;
				CLANG_WARN_RANGE_LOOP_ANALYSIS = YES;
				CLANG_WARN_STRICT_PROTOTYPES = YES;
				CLANG_WARN_SUSPICIOUS_MOVE = YES;
				CLANG_WARN_UNGUARDED_AVAILABILITY = YES_AGGRESSIVE;
				CLANG_WARN_UNREACHABLE_CODE = YES;
				CLANG_WARN__DUPLICATE_METHOD_MATCH = YES;
				COPY_PHASE_STRIP = NO;
				DEBUG_INFORMATION_FORMAT = dwarf;
				ENABLE_STRICT_OBJC_MSGSEND = YES;
				ENABLE_TESTABILITY = YES;
				GCC_C_LANGUAGE_STANDARD = gnu11;
				GCC_DYNAMIC_NO_PIC = NO;
				GCC_NO_COMMON_BLOCKS = YES;
				GCC_OPTIMIZATION_LEVEL = 0;
				GCC_PREPROCESSOR_DEFINITIONS = (
					"DEBUG=1",
					"$(inherited)",
				);
				GCC_WARN_64_TO_32_BIT_CONVERSION = YES;
				GCC_WARN_ABOUT_RETURN_TYPE = YES_ERROR;
				GCC_WARN_UNDECLARED_SELECTOR = YES;
				GCC_WARN_UNINITIALIZED_AUTOS = YES_AGGRESSIVE;
				GCC_WARN_UNUSED_FUNCTION = YES;
				GCC_WARN_UNUSED_VARIABLE = YES;
				IPHONEOS_DEPLOYMENT_TARGET = 15.5;
				MTL_ENABLE_DEBUG_INFO = INCLUDE_SOURCE;
				MTL_FAST_MATH = YES;
				ONLY_ACTIVE_ARCH = YES;
				SDKROOT = iphoneos;
			};
			name = Debug;
		};
		C6F42D1A28AEBE0C0019899A /* Release */ = {
			isa = XCBuildConfiguration;
			buildSettings = {
				ALWAYS_SEARCH_USER_PATHS = NO;
				CLANG_ANALYZER_NONNULL = YES;
				CLANG_ANALYZER_NUMBER_OBJECT_CONVERSION = YES_AGGRESSIVE;
				CLANG_CXX_LANGUAGE_STANDARD = "gnu++17";
				CLANG_ENABLE_MODULES = YES;
				CLANG_ENABLE_OBJC_ARC = YES;
				CLANG_ENABLE_OBJC_WEAK = YES;
				CLANG_WARN_BLOCK_CAPTURE_AUTORELEASING = YES;
				CLANG_WARN_BOOL_CONVERSION = YES;
				CLANG_WARN_COMMA = YES;
				CLANG_WARN_CONSTANT_CONVERSION = YES;
				CLANG_WARN_DEPRECATED_OBJC_IMPLEMENTATIONS = YES;
				CLANG_WARN_DIRECT_OBJC_ISA_USAGE = YES_ERROR;
				CLANG_WARN_DOCUMENTATION_COMMENTS = YES;
				CLANG_WARN_EMPTY_BODY = YES;
				CLANG_WARN_ENUM_CONVERSION = YES;
				CLANG_WARN_INFINITE_RECURSION = YES;
				CLANG_WARN_INT_CONVERSION = YES;
				CLANG_WARN_NON_LITERAL_NULL_CONVERSION = YES;
				CLANG_WARN_OBJC_IMPLICIT_RETAIN_SELF = YES;
				CLANG_WARN_OBJC_LITERAL_CONVERSION = YES;
				CLANG_WARN_OBJC_ROOT_CLASS = YES_ERROR;
				CLANG_WARN_QUOTED_INCLUDE_IN_FRAMEWORK_HEADER = YES;
				CLANG_WARN_RANGE_LOOP_ANALYSIS = YES;
				CLANG_WARN_STRICT_PROTOTYPES = YES;
				CLANG_WARN_SUSPICIOUS_MOVE = YES;
				CLANG_WARN_UNGUARDED_AVAILABILITY = YES_AGGRESSIVE;
				CLANG_WARN_UNREACHABLE_CODE = YES;
				CLANG_WARN__DUPLICATE_METHOD_MATCH = YES;
				COPY_PHASE_STRIP = NO;
				DEBUG_INFORMATION_FORMAT = "dwarf-with-dsym";
				ENABLE_NS_ASSERTIONS = NO;
				ENABLE_STRICT_OBJC_MSGSEND = YES;
				GCC_C_LANGUAGE_STANDARD = gnu11;
				GCC_NO_COMMON_BLOCKS = YES;
				GCC_WARN_64_TO_32_BIT_CONVERSION = YES;
				GCC_WARN_ABOUT_RETURN_TYPE = YES_ERROR;
				GCC_WARN_UNDECLARED_SELECTOR = YES;
				GCC_WARN_UNINITIALIZED_AUTOS = YES_AGGRESSIVE;
				GCC_WARN_UNUSED_FUNCTION = YES;
				GCC_WARN_UNUSED_VARIABLE = YES;
				IPHONEOS_DEPLOYMENT_TARGET = 15.5;
				MTL_ENABLE_DEBUG_INFO = NO;
				MTL_FAST_MATH = YES;
				SDKROOT = iphoneos;
				VALIDATE_PRODUCT = YES;
			};
			name = Release;
		};
		C6F42D1C28AEBE0C0019899A /* Debug */ = {
			isa = XCBuildConfiguration;
			buildSettings = {
				ASSETCATALOG_COMPILER_APPICON_NAME = AppIcon;
				ASSETCATALOG_COMPILER_GLOBAL_ACCENT_COLOR_NAME = AccentColor;
				CLANG_ENABLE_MODULES = YES;
				CODE_SIGN_STYLE = Automatic;
				CURRENT_PROJECT_VERSION = 1;
				DEVELOPMENT_TEAM = 74P5S6ZRBM;
				GENERATE_INFOPLIST_FILE = YES;
				INFOPLIST_FILE = ExposeEnumToObjC/Info.plist;
				INFOPLIST_KEY_UIApplicationSupportsIndirectInputEvents = YES;
				INFOPLIST_KEY_UILaunchStoryboardName = LaunchScreen;
				INFOPLIST_KEY_UIMainStoryboardFile = Main;
				INFOPLIST_KEY_UISupportedInterfaceOrientations_iPad = "UIInterfaceOrientationPortrait UIInterfaceOrientationPortraitUpsideDown UIInterfaceOrientationLandscapeLeft UIInterfaceOrientationLandscapeRight";
				INFOPLIST_KEY_UISupportedInterfaceOrientations_iPhone = "UIInterfaceOrientationPortrait UIInterfaceOrientationLandscapeLeft UIInterfaceOrientationLandscapeRight";
				LD_RUNPATH_SEARCH_PATHS = (
					"$(inherited)",
					"@executable_path/Frameworks",
				);
				MARKETING_VERSION = 1.0;
				PRODUCT_BUNDLE_IDENTIFIER = alex.ExposeEnumToObjC;
				PRODUCT_NAME = "$(TARGET_NAME)";
				SWIFT_EMIT_LOC_STRINGS = YES;
				SWIFT_OBJC_BRIDGING_HEADER = "ExposeEnumToObjC/SwiftFiles/ExposeEnumToObjC-Bridging-Header.h";
				SWIFT_OPTIMIZATION_LEVEL = "-Onone";
				SWIFT_VERSION = 5.0;
				TARGETED_DEVICE_FAMILY = "1,2";
			};
			name = Debug;
		};
		C6F42D1D28AEBE0C0019899A /* Release */ = {
			isa = XCBuildConfiguration;
			buildSettings = {
				ASSETCATALOG_COMPILER_APPICON_NAME = AppIcon;
				ASSETCATALOG_COMPILER_GLOBAL_ACCENT_COLOR_NAME = AccentColor;
				CLANG_ENABLE_MODULES = YES;
				CODE_SIGN_STYLE = Automatic;
				CURRENT_PROJECT_VERSION = 1;
				DEVELOPMENT_TEAM = 74P5S6ZRBM;
				GENERATE_INFOPLIST_FILE = YES;
				INFOPLIST_FILE = ExposeEnumToObjC/Info.plist;
				INFOPLIST_KEY_UIApplicationSupportsIndirectInputEvents = YES;
				INFOPLIST_KEY_UILaunchStoryboardName = LaunchScreen;
				INFOPLIST_KEY_UIMainStoryboardFile = Main;
				INFOPLIST_KEY_UISupportedInterfaceOrientations_iPad = "UIInterfaceOrientationPortrait UIInterfaceOrientationPortraitUpsideDown UIInterfaceOrientationLandscapeLeft UIInterfaceOrientationLandscapeRight";
				INFOPLIST_KEY_UISupportedInterfaceOrientations_iPhone = "UIInterfaceOrientationPortrait UIInterfaceOrientationLandscapeLeft UIInterfaceOrientationLandscapeRight";
				LD_RUNPATH_SEARCH_PATHS = (
					"$(inherited)",
					"@executable_path/Frameworks",
				);
				MARKETING_VERSION = 1.0;
				PRODUCT_BUNDLE_IDENTIFIER = alex.ExposeEnumToObjC;
				PRODUCT_NAME = "$(TARGET_NAME)";
				SWIFT_EMIT_LOC_STRINGS = YES;
				SWIFT_OBJC_BRIDGING_HEADER = "ExposeEnumToObjC/SwiftFiles/ExposeEnumToObjC-Bridging-Header.h";
				SWIFT_VERSION = 5.0;
				TARGETED_DEVICE_FAMILY = "1,2";
			};
			name = Release;
		};
/* End XCBuildConfiguration section */

/* Begin XCConfigurationList section */
		C6F42CFD28AEBE000019899A /* Build configuration list for PBXProject "ExposeEnumToObjC" */ = {
			isa = XCConfigurationList;
			buildConfigurations = (
				C6F42D1928AEBE0C0019899A /* Debug */,
				C6F42D1A28AEBE0C0019899A /* Release */,
			);
			defaultConfigurationIsVisible = 0;
			defaultConfigurationName = Release;
		};
		C6F42D1B28AEBE0C0019899A /* Build configuration list for PBXNativeTarget "ExposeEnumToObjC" */ = {
			isa = XCConfigurationList;
			buildConfigurations = (
				C6F42D1C28AEBE0C0019899A /* Debug */,
				C6F42D1D28AEBE0C0019899A /* Release */,
			);
			defaultConfigurationIsVisible = 0;
			defaultConfigurationName = Release;
		};
/* End XCConfigurationList section */
	};
	rootObject = C6F42CFA28AEBE000019899A /* Project object */;
}
